// !$*UTF8*$!
{
	archiveVersion = 1;
	classes = {
	};
	objectVersion = 56;
	objects = {

/* Begin PBXBuildFile section */
		3D5D8D1A2A184592003EFA18 /* AppDelegate.swift in Sources */ = {isa = PBXBuildFile; fileRef = 3D5D8D192A184592003EFA18 /* AppDelegate.swift */; };
		3D5D8D1C2A184592003EFA18 /* SceneDelegate.swift in Sources */ = {isa = PBXBuildFile; fileRef = 3D5D8D1B2A184592003EFA18 /* SceneDelegate.swift */; };
		3D5D8D1E2A184592003EFA18 /* ViewController.swift in Sources */ = {isa = PBXBuildFile; fileRef = 3D5D8D1D2A184592003EFA18 /* ViewController.swift */; };
		3D5D8D212A184592003EFA18 /* Main.storyboard in Resources */ = {isa = PBXBuildFile; fileRef = 3D5D8D1F2A184592003EFA18 /* Main.storyboard */; };
		3D5D8D232A184593003EFA18 /* Assets.xcassets in Resources */ = {isa = PBXBuildFile; fileRef = 3D5D8D222A184593003EFA18 /* Assets.xcassets */; };
		3D5D8D262A184593003EFA18 /* LaunchScreen.storyboard in Resources */ = {isa = PBXBuildFile; fileRef = 3D5D8D242A184593003EFA18 /* LaunchScreen.storyboard */; };
		3D5D8D2E2A1858AD003EFA18 /* HomeViewController.swift in Sources */ = {isa = PBXBuildFile; fileRef = 3D5D8D2D2A1858AD003EFA18 /* HomeViewController.swift */; };
		3D5D8D312A1860CA003EFA18 /* RegisterViewController.swift in Sources */ = {isa = PBXBuildFile; fileRef = 3D5D8D302A1860CA003EFA18 /* RegisterViewController.swift */; };
		88DAF95D2A18FE68001069E9 /* CheckoutViewController.swift in Sources */ = {isa = PBXBuildFile; fileRef = 88DAF95C2A18FE68001069E9 /* CheckoutViewController.swift */; };
		88DAF95F2A1914ED001069E9 /* ProfileViewController.swift in Sources */ = {isa = PBXBuildFile; fileRef = 88DAF95E2A1914ED001069E9 /* ProfileViewController.swift */; };
/* End PBXBuildFile section */

/* Begin PBXFileReference section */
		3D5D8D162A184592003EFA18 /* GShoes.app */ = {isa = PBXFileReference; explicitFileType = wrapper.application; includeInIndex = 0; path = GShoes.app; sourceTree = BUILT_PRODUCTS_DIR; };
		3D5D8D192A184592003EFA18 /* AppDelegate.swift */ = {isa = PBXFileReference; lastKnownFileType = sourcecode.swift; path = AppDelegate.swift; sourceTree = "<group>"; };
		3D5D8D1B2A184592003EFA18 /* SceneDelegate.swift */ = {isa = PBXFileReference; lastKnownFileType = sourcecode.swift; path = SceneDelegate.swift; sourceTree = "<group>"; };
		3D5D8D1D2A184592003EFA18 /* ViewController.swift */ = {isa = PBXFileReference; lastKnownFileType = sourcecode.swift; path = ViewController.swift; sourceTree = "<group>"; };
		3D5D8D202A184592003EFA18 /* Base */ = {isa = PBXFileReference; lastKnownFileType = file.storyboard; name = Base; path = Base.lproj/Main.storyboard; sourceTree = "<group>"; };
		3D5D8D222A184593003EFA18 /* Assets.xcassets */ = {isa = PBXFileReference; lastKnownFileType = folder.assetcatalog; path = Assets.xcassets; sourceTree = "<group>"; };
		3D5D8D252A184593003EFA18 /* Base */ = {isa = PBXFileReference; lastKnownFileType = file.storyboard; name = Base; path = Base.lproj/LaunchScreen.storyboard; sourceTree = "<group>"; };
		3D5D8D272A184593003EFA18 /* Info.plist */ = {isa = PBXFileReference; lastKnownFileType = text.plist.xml; path = Info.plist; sourceTree = "<group>"; };
		3D5D8D2D2A1858AD003EFA18 /* HomeViewController.swift */ = {isa = PBXFileReference; lastKnownFileType = sourcecode.swift; path = HomeViewController.swift; sourceTree = "<group>"; };
		3D5D8D302A1860CA003EFA18 /* RegisterViewController.swift */ = {isa = PBXFileReference; lastKnownFileType = sourcecode.swift; path = RegisterViewController.swift; sourceTree = "<group>"; };
		88DAF95C2A18FE68001069E9 /* CheckoutViewController.swift */ = {isa = PBXFileReference; lastKnownFileType = sourcecode.swift; path = CheckoutViewController.swift; sourceTree = "<group>"; };
		88DAF95E2A1914ED001069E9 /* ProfileViewController.swift */ = {isa = PBXFileReference; lastKnownFileType = sourcecode.swift; path = ProfileViewController.swift; sourceTree = "<group>"; };
/* End PBXFileReference section */

/* Begin PBXFrameworksBuildPhase section */
		3D5D8D132A184592003EFA18 /* Frameworks */ = {
			isa = PBXFrameworksBuildPhase;
			buildActionMask = 2147483647;
			files = (
			);
			runOnlyForDeploymentPostprocessing = 0;
		};
/* End PBXFrameworksBuildPhase section */

/* Begin PBXGroup section */
		3D5D8D0D2A184592003EFA18 = {
			isa = PBXGroup;
			children = (
				3D5D8D182A184592003EFA18 /* GShoes */,
				3D5D8D172A184592003EFA18 /* Products */,
			);
			sourceTree = "<group>";
		};
		3D5D8D172A184592003EFA18 /* Products */ = {
			isa = PBXGroup;
			children = (
				3D5D8D162A184592003EFA18 /* GShoes.app */,
			);
			name = Products;
			sourceTree = "<group>";
		};
		3D5D8D182A184592003EFA18 /* GShoes */ = {
			isa = PBXGroup;
			children = (
				3D81934A2A187BEE006974DF /* Assets */,
				3D5D8D2F2A185FBC003EFA18 /* ViewControllers2 */,
				3D5D8D192A184592003EFA18 /* AppDelegate.swift */,
				3D5D8D1B2A184592003EFA18 /* SceneDelegate.swift */,
				3D5D8D1D2A184592003EFA18 /* ViewController.swift */,
				3D5D8D1F2A184592003EFA18 /* Main.storyboard */,
				3D5D8D222A184593003EFA18 /* Assets.xcassets */,
				3D5D8D242A184593003EFA18 /* LaunchScreen.storyboard */,
				3D5D8D272A184593003EFA18 /* Info.plist */,
			);
			path = GShoes;
			sourceTree = "<group>";
		};
		3D5D8D2F2A185FBC003EFA18 /* ViewControllers2 */ = {
			isa = PBXGroup;
			children = (
				3D5D8D2D2A1858AD003EFA18 /* HomeViewController.swift */,
				3D5D8D302A1860CA003EFA18 /* RegisterViewController.swift */,
				88DAF95C2A18FE68001069E9 /* CheckoutViewController.swift */,
				88DAF95E2A1914ED001069E9 /* ProfileViewController.swift */,
			);
			path = ViewControllers2;
			sourceTree = "<group>";
		};
		3D81934A2A187BEE006974DF /* Assets */ = {
			isa = PBXGroup;
			children = (
			);
			path = Assets;
			sourceTree = "<group>";
		};
/* End PBXGroup section */

/* Begin PBXNativeTarget section */
		3D5D8D152A184592003EFA18 /* GShoes */ = {
			isa = PBXNativeTarget;
			buildConfigurationList = 3D5D8D2A2A184593003EFA18 /* Build configuration list for PBXNativeTarget "GShoes" */;
			buildPhases = (
				3D5D8D122A184592003EFA18 /* Sources */,
				3D5D8D132A184592003EFA18 /* Frameworks */,
				3D5D8D142A184592003EFA18 /* Resources */,
			);
			buildRules = (
			);
			dependencies = (
			);
			name = GShoes;
			productName = CaseMaking;
			productReference = 3D5D8D162A184592003EFA18 /* GShoes.app */;
			productType = "com.apple.product-type.application";
		};
/* End PBXNativeTarget section */

/* Begin PBXProject section */
		3D5D8D0E2A184592003EFA18 /* Project object */ = {
			isa = PBXProject;
			attributes = {
				BuildIndependentTargetsInParallel = 1;
				LastSwiftUpdateCheck = 1420;
				LastUpgradeCheck = 1420;
				TargetAttributes = {
					3D5D8D152A184592003EFA18 = {
						CreatedOnToolsVersion = 14.2;
					};
				};
			};
			buildConfigurationList = 3D5D8D112A184592003EFA18 /* Build configuration list for PBXProject "GShoes" */;
			compatibilityVersion = "Xcode 14.0";
			developmentRegion = en;
			hasScannedForEncodings = 0;
			knownRegions = (
				en,
				Base,
			);
			mainGroup = 3D5D8D0D2A184592003EFA18;
			productRefGroup = 3D5D8D172A184592003EFA18 /* Products */;
			projectDirPath = "";
			projectRoot = "";
			targets = (
				3D5D8D152A184592003EFA18 /* GShoes */,
			);
		};
/* End PBXProject section */

/* Begin PBXResourcesBuildPhase section */
		3D5D8D142A184592003EFA18 /* Resources */ = {
			isa = PBXResourcesBuildPhase;
			buildActionMask = 2147483647;
			files = (
				3D5D8D262A184593003EFA18 /* LaunchScreen.storyboard in Resources */,
				3D5D8D232A184593003EFA18 /* Assets.xcassets in Resources */,
				3D5D8D212A184592003EFA18 /* Main.storyboard in Resources */,
			);
			runOnlyForDeploymentPostprocessing = 0;
		};
/* End PBXResourcesBuildPhase section */

/* Begin PBXSourcesBuildPhase section */
		3D5D8D122A184592003EFA18 /* Sources */ = {
			isa = PBXSourcesBuildPhase;
			buildActionMask = 2147483647;
			files = (
				3D5D8D1E2A184592003EFA18 /* ViewController.swift in Sources */,
				3D5D8D312A1860CA003EFA18 /* RegisterViewController.swift in Sources */,
				3D5D8D1A2A184592003EFA18 /* AppDelegate.swift in Sources */,
				3D5D8D1C2A184592003EFA18 /* SceneDelegate.swift in Sources */,
				88DAF95F2A1914ED001069E9 /* ProfileViewController.swift in Sources */,
				88DAF95D2A18FE68001069E9 /* CheckoutViewController.swift in Sources */,
				3D5D8D2E2A1858AD003EFA18 /* HomeViewController.swift in Sources */,
			);
			runOnlyForDeploymentPostprocessing = 0;
		};
/* End PBXSourcesBuildPhase section */

/* Begin PBXVariantGroup section */
		3D5D8D1F2A184592003EFA18 /* Main.storyboard */ = {
			isa = PBXVariantGroup;
			children = (
				3D5D8D202A184592003EFA18 /* Base */,
			);
			name = Main.storyboard;
			sourceTree = "<group>";
		};
		3D5D8D242A184593003EFA18 /* LaunchScreen.storyboard */ = {
			isa = PBXVariantGroup;
			children = (
				3D5D8D252A184593003EFA18 /* Base */,
			);
			name = LaunchScreen.storyboard;
			sourceTree = "<group>";
		};
/* End PBXVariantGroup section */

/* Begin XCBuildConfiguration section */
		3D5D8D282A184593003EFA18 /* Debug */ = {
			isa = XCBuildConfiguration;
			buildSettings = {
				ALWAYS_SEARCH_USER_PATHS = NO;
				CLANG_ANALYZER_NONNULL = YES;
				CLANG_ANALYZER_NUMBER_OBJECT_CONVERSION = YES_AGGRESSIVE;
				CLANG_CXX_LANGUAGE_STANDARD = "gnu++20";
				CLANG_ENABLE_MODULES = YES;
				CLANG_ENABLE_OBJC_ARC = YES;
				CLANG_ENABLE_OBJC_WEAK = YES;
				CLANG_WARN_BLOCK_CAPTURE_AUTORELEASING = YES;
				CLANG_WARN_BOOL_CONVERSION = YES;
				CLANG_WARN_COMMA = YES;
				CLANG_WARN_CONSTANT_CONVERSION = YES;
				CLANG_WARN_DEPRECATED_OBJC_IMPLEMENTATIONS = YES;
				CLANG_WARN_DIRECT_OBJC_ISA_USAGE = YES_ERROR;
				CLANG_WARN_DOCUMENTATION_COMMENTS = YES;
				CLANG_WARN_EMPTY_BODY = YES;
				CLANG_WARN_ENUM_CONVERSION = YES;
				CLANG_WARN_INFINITE_RECURSION = YES;
				CLANG_WARN_INT_CONVERSION = YES;
				CLANG_WARN_NON_LITERAL_NULL_CONVERSION = YES;
				CLANG_WARN_OBJC_IMPLICIT_RETAIN_SELF = YES;
				CLANG_WARN_OBJC_LITERAL_CONVERSION = YES;
				CLANG_WARN_OBJC_ROOT_CLASS = YES_ERROR;
				CLANG_WARN_QUOTED_INCLUDE_IN_FRAMEWORK_HEADER = YES;
				CLANG_WARN_RANGE_LOOP_ANALYSIS = YES;
				CLANG_WARN_STRICT_PROTOTYPES = YES;
				CLANG_WARN_SUSPICIOUS_MOVE = YES;
				CLANG_WARN_UNGUARDED_AVAILABILITY = YES_AGGRESSIVE;
				CLANG_WARN_UNREACHABLE_CODE = YES;
				CLANG_WARN__DUPLICATE_METHOD_MATCH = YES;
				COPY_PHASE_STRIP = NO;
				DEBUG_INFORMATION_FORMAT = dwarf;
				ENABLE_STRICT_OBJC_MSGSEND = YES;
				ENABLE_TESTABILITY = YES;
				GCC_C_LANGUAGE_STANDARD = gnu11;
				GCC_DYNAMIC_NO_PIC = NO;
				GCC_NO_COMMON_BLOCKS = YES;
				GCC_OPTIMIZATION_LEVEL = 0;
				GCC_PREPROCESSOR_DEFINITIONS = (
					"DEBUG=1",
					"$(inherited)",
				);
				GCC_WARN_64_TO_32_BIT_CONVERSION = YES;
				GCC_WARN_ABOUT_RETURN_TYPE = YES_ERROR;
				GCC_WARN_UNDECLARED_SELECTOR = YES;
				GCC_WARN_UNINITIALIZED_AUTOS = YES_AGGRESSIVE;
				GCC_WARN_UNUSED_FUNCTION = YES;
				GCC_WARN_UNUSED_VARIABLE = YES;
				IPHONEOS_DEPLOYMENT_TARGET = 16.2;
				MTL_ENABLE_DEBUG_INFO = INCLUDE_SOURCE;
				MTL_FAST_MATH = YES;
				ONLY_ACTIVE_ARCH = YES;
				SDKROOT = iphoneos;
				SWIFT_ACTIVE_COMPILATION_CONDITIONS = DEBUG;
				SWIFT_OPTIMIZATION_LEVEL = "-Onone";
			};
			name = Debug;
		};
		3D5D8D292A184593003EFA18 /* Release */ = {
			isa = XCBuildConfiguration;
			buildSettings = {
				ALWAYS_SEARCH_USER_PATHS = NO;
				CLANG_ANALYZER_NONNULL = YES;
				CLANG_ANALYZER_NUMBER_OBJECT_CONVERSION = YES_AGGRESSIVE;
				CLANG_CXX_LANGUAGE_STANDARD = "gnu++20";
				CLANG_ENABLE_MODULES = YES;
				CLANG_ENABLE_OBJC_ARC = YES;
				CLANG_ENABLE_OBJC_WEAK = YES;
				CLANG_WARN_BLOCK_CAPTURE_AUTORELEASING = YES;
				CLANG_WARN_BOOL_CONVERSION = YES;
				CLANG_WARN_COMMA = YES;
				CLANG_WARN_CONSTANT_CONVERSION = YES;
				CLANG_WARN_DEPRECATED_OBJC_IMPLEMENTATIONS = YES;
				CLANG_WARN_DIRECT_OBJC_ISA_USAGE = YES_ERROR;
				CLANG_WARN_DOCUMENTATION_COMMENTS = YES;
				CLANG_WARN_EMPTY_BODY = YES;
				CLANG_WARN_ENUM_CONVERSION = YES;
				CLANG_WARN_INFINITE_RECURSION = YES;
				CLANG_WARN_INT_CONVERSION = YES;
				CLANG_WARN_NON_LITERAL_NULL_CONVERSION = YES;
				CLANG_WARN_OBJC_IMPLICIT_RETAIN_SELF = YES;
				CLANG_WARN_OBJC_LITERAL_CONVERSION = YES;
				CLANG_WARN_OBJC_ROOT_CLASS = YES_ERROR;
				CLANG_WARN_QUOTED_INCLUDE_IN_FRAMEWORK_HEADER = YES;
				CLANG_WARN_RANGE_LOOP_ANALYSIS = YES;
				CLANG_WARN_STRICT_PROTOTYPES = YES;
				CLANG_WARN_SUSPICIOUS_MOVE = YES;
				CLANG_WARN_UNGUARDED_AVAILABILITY = YES_AGGRESSIVE;
				CLANG_WARN_UNREACHABLE_CODE = YES;
				CLANG_WARN__DUPLICATE_METHOD_MATCH = YES;
				COPY_PHASE_STRIP = NO;
				DEBUG_INFORMATION_FORMAT = "dwarf-with-dsym";
				ENABLE_NS_ASSERTIONS = NO;
				ENABLE_STRICT_OBJC_MSGSEND = YES;
				GCC_C_LANGUAGE_STANDARD = gnu11;
				GCC_NO_COMMON_BLOCKS = YES;
				GCC_WARN_64_TO_32_BIT_CONVERSION = YES;
				GCC_WARN_ABOUT_RETURN_TYPE = YES_ERROR;
				GCC_WARN_UNDECLARED_SELECTOR = YES;
				GCC_WARN_UNINITIALIZED_AUTOS = YES_AGGRESSIVE;
				GCC_WARN_UNUSED_FUNCTION = YES;
				GCC_WARN_UNUSED_VARIABLE = YES;
				IPHONEOS_DEPLOYMENT_TARGET = 16.2;
				MTL_ENABLE_DEBUG_INFO = NO;
				MTL_FAST_MATH = YES;
				SDKROOT = iphoneos;
				SWIFT_COMPILATION_MODE = wholemodule;
				SWIFT_OPTIMIZATION_LEVEL = "-O";
				VALIDATE_PRODUCT = YES;
			};
			name = Release;
		};
		3D5D8D2B2A184593003EFA18 /* Debug */ = {
			isa = XCBuildConfiguration;
			buildSettings = {
				ASSETCATALOG_COMPILER_APPICON_NAME = AppIcon;
				ASSETCATALOG_COMPILER_GLOBAL_ACCENT_COLOR_NAME = AccentColor;
				CODE_SIGN_STYLE = Automatic;
				CURRENT_PROJECT_VERSION = 1;
				GENERATE_INFOPLIST_FILE = YES;
				INFOPLIST_FILE = GShoes/Info.plist;
				INFOPLIST_KEY_UIApplicationSupportsIndirectInputEvents = YES;
				INFOPLIST_KEY_UILaunchStoryboardName = LaunchScreen;
				INFOPLIST_KEY_UIMainStoryboardFile = Main;
				INFOPLIST_KEY_UISupportedInterfaceOrientations_iPad = "UIInterfaceOrientationPortrait UIInterfaceOrientationPortraitUpsideDown UIInterfaceOrientationLandscapeLeft UIInterfaceOrientationLandscapeRight";
				INFOPLIST_KEY_UISupportedInterfaceOrientations_iPhone = "UIInterfaceOrientationPortrait UIInterfaceOrientationLandscapeLeft UIInterfaceOrientationLandscapeRight";
				LD_RUNPATH_SEARCH_PATHS = (
					"$(inherited)",
					"@executable_path/Frameworks",
				);
				MARKETING_VERSION = 1.0;
				PRODUCT_BUNDLE_IDENTIFIER = binus.CaseMaking;
				PRODUCT_NAME = "$(TARGET_NAME)";
				SWIFT_EMIT_LOC_STRINGS = YES;
				SWIFT_VERSION = 5.0;
				TARGETED_DEVICE_FAMILY = "1,2";
			};
			name = Debug;
		};
		3D5D8D2C2A184593003EFA18 /* Release */ = {
			isa = XCBuildConfiguration;
			buildSettings = {
				ASSETCATALOG_COMPILER_APPICON_NAME = AppIcon;
				ASSETCATALOG_COMPILER_GLOBAL_ACCENT_COLOR_NAME = AccentColor;
				CODE_SIGN_STYLE = Automatic;
				CURRENT_PROJECT_VERSION = 1;
				GENERATE_INFOPLIST_FILE = YES;
				INFOPLIST_FILE = GShoes/Info.plist;
				INFOPLIST_KEY_UIApplicationSupportsIndirectInputEvents = YES;
				INFOPLIST_KEY_UILaunchStoryboardName = LaunchScreen;
				INFOPLIST_KEY_UIMainStoryboardFile = Main;
				INFOPLIST_KEY_UISupportedInterfaceOrientations_iPad = "UIInterfaceOrientationPortrait UIInterfaceOrientationPortraitUpsideDown UIInterfaceOrientationLandscapeLeft UIInterfaceOrientationLandscapeRight";
				INFOPLIST_KEY_UISupportedInterfaceOrientations_iPhone = "UIInterfaceOrientationPortrait UIInterfaceOrientationLandscapeLeft UIInterfaceOrientationLandscapeRight";
				LD_RUNPATH_SEARCH_PATHS = (
					"$(inherited)",
					"@executable_path/Frameworks",
				);
				MARKETING_VERSION = 1.0;
				PRODUCT_BUNDLE_IDENTIFIER = binus.CaseMaking;
				PRODUCT_NAME = "$(TARGET_NAME)";
				SWIFT_EMIT_LOC_STRINGS = YES;
				SWIFT_VERSION = 5.0;
				TARGETED_DEVICE_FAMILY = "1,2";
			};
			name = Release;
		};
/* End XCBuildConfiguration section */

/* Begin XCConfigurationList section */
		3D5D8D112A184592003EFA18 /* Build configuration list for PBXProject "GShoes" */ = {
			isa = XCConfigurationList;
			buildConfigurations = (
				3D5D8D282A184593003EFA18 /* Debug */,
				3D5D8D292A184593003EFA18 /* Release */,
			);
			defaultConfigurationIsVisible = 0;
			defaultConfigurationName = Release;
		};
		3D5D8D2A2A184593003EFA18 /* Build configuration list for PBXNativeTarget "GShoes" */ = {
			isa = XCConfigurationList;
			buildConfigurations = (
				3D5D8D2B2A184593003EFA18 /* Debug */,
				3D5D8D2C2A184593003EFA18 /* Release */,
			);
			defaultConfigurationIsVisible = 0;
			defaultConfigurationName = Release;
		};
/* End XCConfigurationList section */
	};
	rootObject = 3D5D8D0E2A184592003EFA18 /* Project object */;
}
